
Microsoft Visual Studio Solution File, Format Version 12.00
# Visual Studio 15
Project("{FAE04EC0-301F-11D3-BF4B-00C04F79EFBC}") = "HelloWorld.Android", "HelloWorld.Android\HelloWorld.Android.csproj", "{023B6B0F-11C2-45D1-B160-58A116E6036A}"
EndProject
Project("{FAE04EC0-301F-11D3-BF4B-00C04F79EFBC}") = "HelloWorld.iOS", "HelloWorld.iOS\HelloWorld.iOS.csproj", "{AD15C2DB-510D-4727-8802-E4945EBED89B}"
EndProject
Project("{FAE04EC0-301F-11D3-BF4B-00C04F79EFBC}") = "HelloWorld", "HelloWorld\HelloWorld.csproj", "{3C16EE64-02B4-442D-8AA9-B923E5483BC4}"
EndProject
Global
	GlobalSection(SolutionConfigurationPlatforms) = preSolution
		Debug|Any CPU = Debug|Any CPU
		Release|Any CPU = Release|Any CPU
		Debug|iPhoneSimulator = Debug|iPhoneSimulator
		Release|iPhoneSimulator = Release|iPhoneSimulator
		Debug|iPhone = Debug|iPhone
		Release|iPhone = Release|iPhone
	EndGlobalSection
	GlobalSection(ProjectConfigurationPlatforms) = postSolution
		{023B6B0F-11C2-45D1-B160-58A116E6036A}.Debug|Any CPU.ActiveCfg = Debug|Any CPU
		{023B6B0F-11C2-45D1-B160-58A116E6036A}.Debug|Any CPU.Build.0 = Debug|Any CPU
		{023B6B0F-11C2-45D1-B160-58A116E6036A}.Release|Any CPU.ActiveCfg = Release|Any CPU
		{023B6B0F-11C2-45D1-B160-58A116E6036A}.Release|Any CPU.Build.0 = Release|Any CPU
		{023B6B0F-11C2-45D1-B160-58A116E6036A}.Debug|iPhoneSimulator.ActiveCfg = Debug|Any CPU
		{023B6B0F-11C2-45D1-B160-58A116E6036A}.Debug|iPhoneSimulator.Build.0 = Debug|Any CPU
		{023B6B0F-11C2-45D1-B160-58A116E6036A}.Release|iPhoneSimulator.ActiveCfg = Release|Any CPU
		{023B6B0F-11C2-45D1-B160-58A116E6036A}.Release|iPhoneSimulator.Build.0 = Release|Any CPU
		{023B6B0F-11C2-45D1-B160-58A116E6036A}.Debug|iPhone.ActiveCfg = Debug|Any CPU
		{023B6B0F-11C2-45D1-B160-58A116E6036A}.Debug|iPhone.Build.0 = Debug|Any CPU
		{023B6B0F-11C2-45D1-B160-58A116E6036A}.Release|iPhone.ActiveCfg = Release|Any CPU
		{023B6B0F-11C2-45D1-B160-58A116E6036A}.Release|iPhone.Build.0 = Release|Any CPU
		{AD15C2DB-510D-4727-8802-E4945EBED89B}.Debug|Any CPU.ActiveCfg = Debug|iPhoneSimulator
		{AD15C2DB-510D-4727-8802-E4945EBED89B}.Debug|Any CPU.Build.0 = Debug|iPhoneSimulator
		{AD15C2DB-510D-4727-8802-E4945EBED89B}.Release|Any CPU.ActiveCfg = Release|iPhoneSimulator
		{AD15C2DB-510D-4727-8802-E4945EBED89B}.Release|Any CPU.Build.0 = Release|iPhoneSimulator
		{AD15C2DB-510D-4727-8802-E4945EBED89B}.Debug|iPhoneSimulator.ActiveCfg = Debug|iPhoneSimulator
		{AD15C2DB-510D-4727-8802-E4945EBED89B}.Debug|iPhoneSimulator.Build.0 = Debug|iPhoneSimulator
		{AD15C2DB-510D-4727-8802-E4945EBED89B}.Release|iPhoneSimulator.ActiveCfg = Release|iPhoneSimulator
		{AD15C2DB-510D-4727-8802-E4945EBED89B}.Release|iPhoneSimulator.Build.0 = Release|iPhoneSimulator
		{AD15C2DB-510D-4727-8802-E4945EBED89B}.Debug|iPhone.ActiveCfg = Debug|iPhone
		{AD15C2DB-510D-4727-8802-E4945EBED89B}.Debug|iPhone.Build.0 = Debug|iPhone
		{AD15C2DB-510D-4727-8802-E4945EBED89B}.Release|iPhone.ActiveCfg = Release|iPhone
		{AD15C2DB-510D-4727-8802-E4945EBED89B}.Release|iPhone.Build.0 = Release|iPhone
		{3C16EE64-02B4-442D-8AA9-B923E5483BC4}.Debug|Any CPU.ActiveCfg = Debug|Any CPU
		{3C16EE64-02B4-442D-8AA9-B923E5483BC4}.Debug|Any CPU.Build.0 = Debug|Any CPU
		{3C16EE64-02B4-442D-8AA9-B923E5483BC4}.Release|Any CPU.ActiveCfg = Release|Any CPU
		{3C16EE64-02B4-442D-8AA9-B923E5483BC4}.Release|Any CPU.Build.0 = Release|Any CPU
		{3C16EE64-02B4-442D-8AA9-B923E5483BC4}.Debug|iPhoneSimulator.ActiveCfg = Debug|Any CPU
		{3C16EE64-02B4-442D-8AA9-B923E5483BC4}.Debug|iPhoneSimulator.Build.0 = Debug|Any CPU
		{3C16EE64-02B4-442D-8AA9-B923E5483BC4}.Release|iPhoneSimulator.ActiveCfg = Release|Any CPU
		{3C16EE64-02B4-442D-8AA9-B923E5483BC4}.Release|iPhoneSimulator.Build.0 = Release|Any CPU
		{3C16EE64-02B4-442D-8AA9-B923E5483BC4}.Debug|iPhone.ActiveCfg = Debug|Any CPU
		{3C16EE64-02B4-442D-8AA9-B923E5483BC4}.Debug|iPhone.Build.0 = Debug|Any CPU
		{3C16EE64-02B4-442D-8AA9-B923E5483BC4}.Release|iPhone.ActiveCfg = Release|Any CPU
		{3C16EE64-02B4-442D-8AA9-B923E5483BC4}.Release|iPhone.Build.0 = Release|Any CPU
	EndGlobalSection
EndGlobal
